Microsoft Visual Studio Solution File, Format Version 12.00
# Visual Studio 15
VisualStudioVersion = 15.0.26228.9
MinimumVisualStudioVersion = 15.0.26124.0
Project("{9A19103F-16F7-4668-BE54-9A1E7A4F7556}") = "j64.Alarmserver.Web", "j64.AlarmServer.Web\j64.Alarmserver.Web.csproj", "{58FA1003-0FC7-4245-A7A1-DF1CF6B2867B}"
EndProject
Project("{9A19103F-16F7-4668-BE54-9A1E7A4F7556}") = "j64.Alarmserver", "j64.AlarmServer\j64.Alarmserver.csproj", "{F214E46D-ECC2-429D-8ECC-96233E5E4B36}"
EndProject
Project("{9A19103F-16F7-4668-BE54-9A1E7A4F7556}") = "Moon.AspNetCore.Authentication.Basic", "Moon.AspNetCore.Authentication.Basic\Moon.AspNetCore.Authentication.Basic.csproj", "{D3A4665D-666E-4838-BA6A-240FD5E312CE}"
EndProject
Global
	GlobalSection(SolutionConfigurationPlatforms) = preSolution
		Debug|Any CPU = Debug|Any CPU
		Debug|x64 = Debug|x64
		Debug|x86 = Debug|x86
		Release|Any CPU = Release|Any CPU
		Release|x64 = Release|x64
		Release|x86 = Release|x86
	EndGlobalSection
	GlobalSection(ProjectConfigurationPlatforms) = postSolution
		{58FA1003-0FC7-4245-A7A1-DF1CF6B2867B}.Debug|Any CPU.ActiveCfg = Debug|Any CPU
		{58FA1003-0FC7-4245-A7A1-DF1CF6B2867B}.Debug|Any CPU.Build.0 = Debug|Any CPU
		{58FA1003-0FC7-4245-A7A1-DF1CF6B2867B}.Debug|x64.ActiveCfg = Debug|Any CPU
		{58FA1003-0FC7-4245-A7A1-DF1CF6B2867B}.Debug|x64.Build.0 = Debug|Any CPU
		{58FA1003-0FC7-4245-A7A1-DF1CF6B2867B}.Debug|x86.ActiveCfg = Debug|Any CPU
		{58FA1003-0FC7-4245-A7A1-DF1CF6B2867B}.Debug|x86.Build.0 = Debug|Any CPU
		{58FA1003-0FC7-4245-A7A1-DF1CF6B2867B}.Release|Any CPU.ActiveCfg = Release|Any CPU
		{58FA1003-0FC7-4245-A7A1-DF1CF6B2867B}.Release|Any CPU.Build.0 = Release|Any CPU
		{58FA1003-0FC7-4245-A7A1-DF1CF6B2867B}.Release|x64.ActiveCfg = Release|Any CPU
		{58FA1003-0FC7-4245-A7A1-DF1CF6B2867B}.Release|x64.Build.0 = Release|Any CPU
		{58FA1003-0FC7-4245-A7A1-DF1CF6B2867B}.Release|x86.ActiveCfg = Release|Any CPU
		{58FA1003-0FC7-4245-A7A1-DF1CF6B2867B}.Release|x86.Build.0 = Release|Any CPU
		{F214E46D-ECC2-429D-8ECC-96233E5E4B36}.Debug|Any CPU.ActiveCfg = Debug|Any CPU
		{F214E46D-ECC2-429D-8ECC-96233E5E4B36}.Debug|Any CPU.Build.0 = Debug|Any CPU
		{F214E46D-ECC2-429D-8ECC-96233E5E4B36}.Debug|x64.ActiveCfg = Debug|Any CPU
		{F214E46D-ECC2-429D-8ECC-96233E5E4B36}.Debug|x64.Build.0 = Debug|Any CPU
		{F214E46D-ECC2-429D-8ECC-96233E5E4B36}.Debug|x86.ActiveCfg = Debug|Any CPU
		{F214E46D-ECC2-429D-8ECC-96233E5E4B36}.Debug|x86.Build.0 = Debug|Any CPU
		{F214E46D-ECC2-429D-8ECC-96233E5E4B36}.Release|Any CPU.ActiveCfg = Release|Any CPU
		{F214E46D-ECC2-429D-8ECC-96233E5E4B36}.Release|Any CPU.Build.0 = Release|Any CPU
		{F214E46D-ECC2-429D-8ECC-96233E5E4B36}.Release|x64.ActiveCfg = Release|Any CPU
		{F214E46D-ECC2-429D-8ECC-96233E5E4B36}.Release|x64.Build.0 = Release|Any CPU
		{F214E46D-ECC2-429D-8ECC-96233E5E4B36}.Release|x86.ActiveCfg = Release|Any CPU
		{F214E46D-ECC2-429D-8ECC-96233E5E4B36}.Release|x86.Build.0 = Release|Any CPU
		{D3A4665D-666E-4838-BA6A-240FD5E312CE}.Debug|Any CPU.ActiveCfg = Debug|Any CPU
		{D3A4665D-666E-4838-BA6A-240FD5E312CE}.Debug|Any CPU.Build.0 = Debug|Any CPU
		{D3A4665D-666E-4838-BA6A-240FD5E312CE}.Debug|x64.ActiveCfg = Debug|Any CPU
		{D3A4665D-666E-4838-BA6A-240FD5E312CE}.Debug|x64.Build.0 = Debug|Any CPU
		{D3A4665D-666E-4838-BA6A-240FD5E312CE}.Debug|x86.ActiveCfg = Debug|Any CPU
		{D3A4665D-666E-4838-BA6A-240FD5E312CE}.Debug|x86.Build.0 = Debug|Any CPU
		{D3A4665D-666E-4838-BA6A-240FD5E312CE}.Release|Any CPU.ActiveCfg = Release|Any CPU
		{D3A4665D-666E-4838-BA6A-240FD5E312CE}.Release|Any CPU.Build.0 = Release|Any CPU
		{D3A4665D-666E-4838-BA6A-240FD5E312CE}.Release|x64.ActiveCfg = Release|Any CPU
		{D3A4665D-666E-4838-BA6A-240FD5E312CE}.Release|x64.Build.0 = Release|Any CPU
		{D3A4665D-666E-4838-BA6A-240FD5E312CE}.Release|x86.ActiveCfg = Release|Any CPU
		{D3A4665D-666E-4838-BA6A-240FD5E312CE}.Release|x86.Build.0 = Release|Any CPU
	EndGlobalSection
	GlobalSection(SolutionProperties) = preSolution
		HideSolutionNode = FALSE
	EndGlobalSection
	GlobalSection(ExtensibilityGlobals) = postSolution
		SolutionGuid = {1C65BFB7-4FAA-4D73-8F02-6159003BC914}
	EndGlobalSection
EndGlobal
